
Microsoft Visual Studio Solution File, Format Version 12.00
# Visual Studio Version 16
VisualStudioVersion = 16.0.29806.167
MinimumVisualStudioVersion = 10.0.40219.1
Project("{FAE04EC0-301F-11D3-BF4B-00C04F79EFBC}") = "Store.Models", "Data\Store.Models\Store.Models.csproj", "{F4C3E847-56DF-4847-9021-6937B5AB4DD3}"
EndProject
Project("{FAE04EC0-301F-11D3-BF4B-00C04F79EFBC}") = "Store.Data", "Data\Store.Data\Store.Data.csproj", "{BA9E0D32-DDA4-474C-B112-334E15509C4F}"
EndProject
Global
	GlobalSection(SolutionConfigurationPlatforms) = preSolution
		Debug|Any CPU = Debug|Any CPU
		Release|Any CPU = Release|Any CPU
	EndGlobalSection
	GlobalSection(ProjectConfigurationPlatforms) = postSolution
		{F4C3E847-56DF-4847-9021-6937B5AB4DD3}.Debug|Any CPU.ActiveCfg = Debug|Any CPU
		{F4C3E847-56DF-4847-9021-6937B5AB4DD3}.Debug|Any CPU.Build.0 = Debug|Any CPU
		{F4C3E847-56DF-4847-9021-6937B5AB4DD3}.Release|Any CPU.ActiveCfg = Release|Any CPU
		{F4C3E847-56DF-4847-9021-6937B5AB4DD3}.Release|Any CPU.Build.0 = Release|Any CPU
		{BA9E0D32-DDA4-474C-B112-334E15509C4F}.Debug|Any CPU.ActiveCfg = Debug|Any CPU
		{BA9E0D32-DDA4-474C-B112-334E15509C4F}.Debug|Any CPU.Build.0 = Debug|Any CPU
		{BA9E0D32-DDA4-474C-B112-334E15509C4F}.Release|Any CPU.ActiveCfg = Release|Any CPU
		{BA9E0D32-DDA4-474C-B112-334E15509C4F}.Release|Any CPU.Build.0 = Release|Any CPU
	EndGlobalSection
	GlobalSection(SolutionProperties) = preSolution
		HideSolutionNode = FALSE
	EndGlobalSection
	GlobalSection(ExtensibilityGlobals) = postSolution
		SolutionGuid = {036BDFCD-6EDC-490C-B5C8-91E8EF688680}
	EndGlobalSection
EndGlobal
